# This file is generated by running "yarn install" inside your project.
# Manual changes might be lost - proceed with caution!

__metadata:
  version: 6
  cacheKey: 8

"@avnu/gasless-sdk@npm:^0.1.8":
  version: 0.1.8
  resolution: "@avnu/gasless-sdk@npm:0.1.8"
  peerDependencies:
    ethers: ^6.13.4
    qs: ^6.13.1
    starknet: ^6.11.0
  checksum: beed680785a1289d59a5194a885803f65eca50a6f6f02e66c1cb560165b532a1c16595ba7c9942efcbc8e31ad54b5f3f6deb540cc2dfc3b508f7e1ceaf1ec1c5
  languageName: node
  linkType: hard

"@mongodb-js/saslprep@npm:^1.1.9":
  version: 1.3.0
  resolution: "@mongodb-js/saslprep@npm:1.3.0"
  dependencies:
    sparse-bitfield: ^3.0.3
  checksum: 0003ab0a943220df74f8ffcf076c4e4fc4105b20d6b1610d802231d2a6d3b74ad0fa9d26e3d828cb07daabe511ffb2760c347f7a4c0f985d8a7770f7d95190a3
  languageName: node
  linkType: hard

"@noble/curves@npm:1.7.0, @noble/curves@npm:~1.7.0":
  version: 1.7.0
  resolution: "@noble/curves@npm:1.7.0"
  dependencies:
    "@noble/hashes": 1.6.0
  checksum: e220b704f1e516f326fff985e794e840a267f5542e1388737142b08177672ebc41b460b5a5bf636d7622c68e8ae719bc042ccd8aed16dc14311450a94b5f2a05
  languageName: node
  linkType: hard

"@noble/hashes@npm:1.6.0":
  version: 1.6.0
  resolution: "@noble/hashes@npm:1.6.0"
  checksum: 07729b80108d2a9b862eb4e070d4f78ca7ee86b9a9c13a4f7c338ba47a15d4386dd283235da71f21ad515fa9f0b9429fc3da39d2f2b4a50e2442212d14cfd4a9
  languageName: node
  linkType: hard

"@noble/hashes@npm:~1.6.0":
  version: 1.6.1
  resolution: "@noble/hashes@npm:1.6.1"
  checksum: 57c62f65ee217c0293b4321b547792aa6d79812bfe70a7d62dc83e0f936cc677b14ed981b4e88cf8fdad37cd6d3a0cbd3bd0908b0728adc9daf066e678be8901
  languageName: node
  linkType: hard

"@scure/base@npm:1.2.1":
  version: 1.2.1
  resolution: "@scure/base@npm:1.2.1"
  checksum: 061e04e4f6ed7bada6cdad4c799e6a82f30dda3f4008895bdb2e556f333f9b41f44dc067d25c064357ed6c012ea9c8be1e7927caf8a083af865b8de27b52370c
  languageName: node
  linkType: hard

"@scure/starknet@npm:1.1.0":
  version: 1.1.0
  resolution: "@scure/starknet@npm:1.1.0"
  dependencies:
    "@noble/curves": ~1.7.0
    "@noble/hashes": ~1.6.0
  checksum: 7aa08f272c16e2ad6ef6d79e8d8e133fa56876a1e1dd276e9103bc7f6ac2bcff1974594be7e56b08203dbaed1b40353c1633b5673cd349969bb1769e6f0be8a0
  languageName: node
  linkType: hard

"@starknet-io/starknet-types-07@npm:@starknet-io/types-js@~0.7.10":
  version: 0.7.10
  resolution: "@starknet-io/types-js@npm:0.7.10"
  checksum: 8f71c57d0f101ebbde91e3016b73ab70ce3329ccb7463764a27a61db42b9ea14b690bd620a6b2dd4303e890b4a9212bdd40626962e0320e82e0c600fd3be5abf
  languageName: node
  linkType: hard

"@starknet-io/starknet-types-08@npm:@starknet-io/types-js@~0.8.4":
  version: 0.8.4
  resolution: "@starknet-io/types-js@npm:0.8.4"
  checksum: 5c42eeb216c8e91051977e8ef4f7ffdf1c225c13057c29c10d5cce25b7fe25ec0ad1f33e061add1a299447cf8ca5e85fed173ceb74c186d649810ddcc36f9027
  languageName: node
  linkType: hard

"@types/webidl-conversions@npm:*":
  version: 7.0.3
  resolution: "@types/webidl-conversions@npm:7.0.3"
  checksum: 535ead9de4d3d6c8e4f4fa14e9db780d2a31e8020debc062f337e1420a41c3265e223e4f4b628f97a11ecf3b96390962cd88a9ffe34f44e159dec583ff49aa34
  languageName: node
  linkType: hard

"@types/whatwg-url@npm:^11.0.2":
  version: 11.0.5
  resolution: "@types/whatwg-url@npm:11.0.5"
  dependencies:
    "@types/webidl-conversions": "*"
  checksum: 23a0c45aff51817807b473a6adb181d6e3bb0d27dde54e84883d5d5bc93358e95204d2188e7ff7fdc2cdaf157e97e1188ef0a22ec79228da300fc30d4a05b56a
  languageName: node
  linkType: hard

"abi-wan-kanabi@npm:2.2.4":
  version: 2.2.4
  resolution: "abi-wan-kanabi@npm:2.2.4"
  dependencies:
    ansicolors: ^0.3.2
    cardinal: ^2.1.1
    fs-extra: ^10.0.0
    yargs: ^17.7.2
  bin:
    generate: dist/generate.js
  checksum: 6d7cbb424f6e7fda479aaa586e114bbbe0f65bea19215f8a8847b7ab67bdf07baff42ea07c9cfba0f8067f2503490a1017eb3c9fc92df79b8f94a87301f705d4
  languageName: node
  linkType: hard

"accepts@npm:^2.0.0":
  version: 2.0.0
  resolution: "accepts@npm:2.0.0"
  dependencies:
    mime-types: ^3.0.0
    negotiator: ^1.0.0
  checksum: 49fe6c050cb6f6ff4e771b4d88324fca4d3127865f2473872e818dca127d809ba3aa8fdfc7acb51dd3c5bade7311ca6b8cfff7015ea6db2f7eb9c8444d223a4f
  languageName: node
  linkType: hard

"ansi-regex@npm:^5.0.1":
  version: 5.0.1
  resolution: "ansi-regex@npm:5.0.1"
  checksum: 2aa4bb54caf2d622f1afdad09441695af2a83aa3fe8b8afa581d205e57ed4261c183c4d3877cee25794443fde5876417d859c108078ab788d6af7e4fe52eb66b
  languageName: node
  linkType: hard

"ansi-styles@npm:^4.0.0":
  version: 4.3.0
  resolution: "ansi-styles@npm:4.3.0"
  dependencies:
    color-convert: ^2.0.1
  checksum: 513b44c3b2105dd14cc42a19271e80f386466c4be574bccf60b627432f9198571ebf4ab1e4c3ba17347658f4ee1711c163d574248c0c1cdc2d5917a0ad582ec4
  languageName: node
  linkType: hard

"ansicolors@npm:^0.3.2, ansicolors@npm:~0.3.2":
  version: 0.3.2
  resolution: "ansicolors@npm:0.3.2"
  checksum: e84fae7ebc27ac96d9dbb57f35f078cd6dde1b7046b0f03f73dcefc9fbb1f2e82e3685d083466aded8faf038f9fa9ebb408d215282bcd7aaa301d5ac3c486815
  languageName: node
  linkType: hard

"asynckit@npm:^0.4.0":
  version: 0.4.0
  resolution: "asynckit@npm:0.4.0"
  checksum: 7b78c451df768adba04e2d02e63e2d0bf3b07adcd6e42b4cf665cb7ce899bedd344c69a1dcbce355b5f972d597b25aaa1c1742b52cffd9caccb22f348114f6be
  languageName: node
  linkType: hard

"axios@npm:^1.10.0":
  version: 1.10.0
  resolution: "axios@npm:1.10.0"
  dependencies:
    follow-redirects: ^1.15.6
    form-data: ^4.0.0
    proxy-from-env: ^1.1.0
  checksum: b5fd840d499469bf968e44b8ac96f4b363c6aa4c791a50834c086a7cffbc2d77fe24f27af1aba46c3e1f4840aaf991461fc27537990596b93dea0f4df3245a86
  languageName: node
  linkType: hard

"body-parser@npm:^2.2.0":
  version: 2.2.0
  resolution: "body-parser@npm:2.2.0"
  dependencies:
    bytes: ^3.1.2
    content-type: ^1.0.5
    debug: ^4.4.0
    http-errors: ^2.0.0
    iconv-lite: ^0.6.3
    on-finished: ^2.4.1
    qs: ^6.14.0
    raw-body: ^3.0.0
    type-is: ^2.0.0
  checksum: 7fe3a2d288f0b632528d6ccb90052d1a9492c5b79d5716d32c8de1f5fb8237b0d31ee5050e1d0b7ff143a492ff151804612c6e2686a222a1d4c9e2e6531b8fb2
  languageName: node
  linkType: hard

"bson@npm:^6.10.4":
  version: 6.10.4
  resolution: "bson@npm:6.10.4"
  checksum: 5b0b625ac9b3661497aa1baec58c8e8979cc501a5c490a5740001b3cc415d0d5d51f16bf9da433b28ffd1303b6f98c1427e8192cf4220b13b09a9a4184bfceb2
  languageName: node
  linkType: hard

"bytes@npm:3.1.2, bytes@npm:^3.1.2":
  version: 3.1.2
  resolution: "bytes@npm:3.1.2"
  checksum: e4bcd3948d289c5127591fbedf10c0b639ccbf00243504e4e127374a15c3bc8eed0d28d4aaab08ff6f1cf2abc0cce6ba3085ed32f4f90e82a5683ce0014e1b6e
  languageName: node
  linkType: hard

"call-bind-apply-helpers@npm:^1.0.1, call-bind-apply-helpers@npm:^1.0.2":
  version: 1.0.2
  resolution: "call-bind-apply-helpers@npm:1.0.2"
  dependencies:
    es-errors: ^1.3.0
    function-bind: ^1.1.2
  checksum: b2863d74fcf2a6948221f65d95b91b4b2d90cfe8927650b506141e669f7d5de65cea191bf788838bc40d13846b7886c5bc5c84ab96c3adbcf88ad69a72fcdc6b
  languageName: node
  linkType: hard

"call-bound@npm:^1.0.2":
  version: 1.0.4
  resolution: "call-bound@npm:1.0.4"
  dependencies:
    call-bind-apply-helpers: ^1.0.2
    get-intrinsic: ^1.3.0
  checksum: 2f6399488d1c272f56306ca60ff696575e2b7f31daf23bc11574798c84d9f2759dceb0cb1f471a85b77f28962a7ac6411f51d283ea2e45319009a19b6ccab3b2
  languageName: node
  linkType: hard

"cardinal@npm:^2.1.1":
  version: 2.1.1
  resolution: "cardinal@npm:2.1.1"
  dependencies:
    ansicolors: ~0.3.2
    redeyed: ~2.1.0
  bin:
    cdl: ./bin/cdl.js
  checksum: e8d4ae46439cf8fed481c0efd267711ee91e199aa7821a9143e784ed94a6495accd01a0b36d84d377e8ee2cc9928a6c9c123b03be761c60b805f2c026b8a99ad
  languageName: node
  linkType: hard

"cliui@npm:^8.0.1":
  version: 8.0.1
  resolution: "cliui@npm:8.0.1"
  dependencies:
    string-width: ^4.2.0
    strip-ansi: ^6.0.1
    wrap-ansi: ^7.0.0
  checksum: 79648b3b0045f2e285b76fb2e24e207c6db44323581e421c3acbd0e86454cba1b37aea976ab50195a49e7384b871e6dfb2247ad7dec53c02454ac6497394cb56
  languageName: node
  linkType: hard

"color-convert@npm:^2.0.1":
  version: 2.0.1
  resolution: "color-convert@npm:2.0.1"
  dependencies:
    color-name: ~1.1.4
  checksum: 79e6bdb9fd479a205c71d89574fccfb22bd9053bd98c6c4d870d65c132e5e904e6034978e55b43d69fcaa7433af2016ee203ce76eeba9cfa554b373e7f7db336
  languageName: node
  linkType: hard

"color-name@npm:~1.1.4":
  version: 1.1.4
  resolution: "color-name@npm:1.1.4"
  checksum: b0445859521eb4021cd0fb0cc1a75cecf67fceecae89b63f62b201cca8d345baf8b952c966862a9d9a2632987d4f6581f0ec8d957dfacece86f0a7919316f610
  languageName: node
  linkType: hard

"combined-stream@npm:^1.0.8":
  version: 1.0.8
  resolution: "combined-stream@npm:1.0.8"
  dependencies:
    delayed-stream: ~1.0.0
  checksum: 49fa4aeb4916567e33ea81d088f6584749fc90c7abec76fd516bf1c5aa5c79f3584b5ba3de6b86d26ddd64bae5329c4c7479343250cfe71c75bb366eae53bb7c
  languageName: node
  linkType: hard

"content-disposition@npm:^1.0.0":
  version: 1.0.0
  resolution: "content-disposition@npm:1.0.0"
  dependencies:
    safe-buffer: 5.2.1
  checksum: b27e2579fefe0ecf78238bb652fbc750671efce8344f0c6f05235b12433e6a965adb40906df1ac1fdde23e8f9f0e58385e44640e633165420f3f47d830ae0398
  languageName: node
  linkType: hard

"content-type@npm:^1.0.5":
  version: 1.0.5
  resolution: "content-type@npm:1.0.5"
  checksum: 566271e0a251642254cde0f845f9dd4f9856e52d988f4eb0d0dcffbb7a1f8ec98de7a5215fc628f3bce30fe2fb6fd2bc064b562d721658c59b544e2d34ea2766
  languageName: node
  linkType: hard

"cookie-signature@npm:^1.2.1":
  version: 1.2.2
  resolution: "cookie-signature@npm:1.2.2"
  checksum: 1ad4f9b3907c9f3673a0f0a07c0a23da7909ac6c9204c5d80a0ec102fe50ccc45f27fdf496361840d6c132c5bb0037122c0a381f856d070183d1ebe3e5e041ff
  languageName: node
  linkType: hard

"cookie@npm:^0.7.1":
  version: 0.7.2
  resolution: "cookie@npm:0.7.2"
  checksum: 9bf8555e33530affd571ea37b615ccad9b9a34febbf2c950c86787088eb00a8973690833b0f8ebd6b69b753c62669ea60cec89178c1fb007bf0749abed74f93e
  languageName: node
  linkType: hard

"cors@npm:^2.8.5":
  version: 2.8.5
  resolution: "cors@npm:2.8.5"
  dependencies:
    object-assign: ^4
    vary: ^1
  checksum: ced838404ccd184f61ab4fdc5847035b681c90db7ac17e428f3d81d69e2989d2b680cc254da0e2554f5ed4f8a341820a1ce3d1c16b499f6e2f47a1b9b07b5006
  languageName: node
  linkType: hard

"debug@npm:4.x, debug@npm:^4.3.5, debug@npm:^4.4.0":
  version: 4.4.1
  resolution: "debug@npm:4.4.1"
  dependencies:
    ms: ^2.1.3
  peerDependenciesMeta:
    supports-color:
      optional: true
  checksum: a43826a01cda685ee4cec00fb2d3322eaa90ccadbef60d9287debc2a886be3e835d9199c80070ede75a409ee57828c4c6cd80e4b154f2843f0dc95a570dc0729
  languageName: node
  linkType: hard

"delayed-stream@npm:~1.0.0":
  version: 1.0.0
  resolution: "delayed-stream@npm:1.0.0"
  checksum: 46fe6e83e2cb1d85ba50bd52803c68be9bd953282fa7096f51fc29edd5d67ff84ff753c51966061e5ba7cb5e47ef6d36a91924eddb7f3f3483b1c560f77a0020
  languageName: node
  linkType: hard

"depd@npm:2.0.0, depd@npm:^2.0.0":
  version: 2.0.0
  resolution: "depd@npm:2.0.0"
  checksum: abbe19c768c97ee2eed6282d8ce3031126662252c58d711f646921c9623f9052e3e1906443066beec1095832f534e57c523b7333f8e7e0d93051ab6baef5ab3a
  languageName: node
  linkType: hard

"dotenv@npm:^17.0.1":
  version: 17.0.1
  resolution: "dotenv@npm:17.0.1"
  checksum: e8c0261ef103de9fcd33266c312425f30417b1ffa822d5e8091788574555bb75f4640ed194d174095085d6416a56b2f43b28dc4e4c60c99c6dc1a124a8b80348
  languageName: node
  linkType: hard

"dunder-proto@npm:^1.0.1":
  version: 1.0.1
  resolution: "dunder-proto@npm:1.0.1"
  dependencies:
    call-bind-apply-helpers: ^1.0.1
    es-errors: ^1.3.0
    gopd: ^1.2.0
  checksum: 149207e36f07bd4941921b0ca929e3a28f1da7bd6b6ff8ff7f4e2f2e460675af4576eeba359c635723dc189b64cdd4787e0255897d5b135ccc5d15cb8685fc90
  languageName: node
  linkType: hard

"ee-first@npm:1.1.1":
  version: 1.1.1
  resolution: "ee-first@npm:1.1.1"
  checksum: 1b4cac778d64ce3b582a7e26b218afe07e207a0f9bfe13cc7395a6d307849cfe361e65033c3251e00c27dd060cab43014c2d6b2647676135e18b77d2d05b3f4f
  languageName: node
  linkType: hard

"emoji-regex@npm:^8.0.0":
  version: 8.0.0
  resolution: "emoji-regex@npm:8.0.0"
  checksum: d4c5c39d5a9868b5fa152f00cada8a936868fd3367f33f71be515ecee4c803132d11b31a6222b2571b1e5f7e13890156a94880345594d0ce7e3c9895f560f192
  languageName: node
  linkType: hard

"encodeurl@npm:^2.0.0":
  version: 2.0.0
  resolution: "encodeurl@npm:2.0.0"
  checksum: abf5cd51b78082cf8af7be6785813c33b6df2068ce5191a40ca8b1afe6a86f9230af9a9ce694a5ce4665955e5c1120871826df9c128a642e09c58d592e2807fe
  languageName: node
  linkType: hard

"es-define-property@npm:^1.0.1":
  version: 1.0.1
  resolution: "es-define-property@npm:1.0.1"
  checksum: 0512f4e5d564021c9e3a644437b0155af2679d10d80f21adaf868e64d30efdfbd321631956f20f42d655fedb2e3a027da479fad3fa6048f768eb453a80a5f80a
  languageName: node
  linkType: hard

"es-errors@npm:^1.3.0":
  version: 1.3.0
  resolution: "es-errors@npm:1.3.0"
  checksum: ec1414527a0ccacd7f15f4a3bc66e215f04f595ba23ca75cdae0927af099b5ec865f9f4d33e9d7e86f512f252876ac77d4281a7871531a50678132429b1271b5
  languageName: node
  linkType: hard

"es-object-atoms@npm:^1.0.0, es-object-atoms@npm:^1.1.1":
  version: 1.1.1
  resolution: "es-object-atoms@npm:1.1.1"
  dependencies:
    es-errors: ^1.3.0
  checksum: 214d3767287b12f36d3d7267ef342bbbe1e89f899cfd67040309fc65032372a8e60201410a99a1645f2f90c1912c8c49c8668066f6bdd954bcd614dda2e3da97
  languageName: node
  linkType: hard

"es-set-tostringtag@npm:^2.1.0":
  version: 2.1.0
  resolution: "es-set-tostringtag@npm:2.1.0"
  dependencies:
    es-errors: ^1.3.0
    get-intrinsic: ^1.2.6
    has-tostringtag: ^1.0.2
    hasown: ^2.0.2
  checksum: 789f35de4be3dc8d11fdcb91bc26af4ae3e6d602caa93299a8c45cf05d36cc5081454ae2a6d3afa09cceca214b76c046e4f8151e092e6fc7feeb5efb9e794fc6
  languageName: node
  linkType: hard

"escalade@npm:^3.1.1":
  version: 3.2.0
  resolution: "escalade@npm:3.2.0"
  checksum: 47b029c83de01b0d17ad99ed766347b974b0d628e848de404018f3abee728e987da0d2d370ad4574aa3d5b5bfc368754fd085d69a30f8e75903486ec4b5b709e
  languageName: node
  linkType: hard

"escape-html@npm:^1.0.3":
  version: 1.0.3
  resolution: "escape-html@npm:1.0.3"
  checksum: 6213ca9ae00d0ab8bccb6d8d4e0a98e76237b2410302cf7df70aaa6591d509a2a37ce8998008cbecae8fc8ffaadf3fb0229535e6a145f3ce0b211d060decbb24
  languageName: node
  linkType: hard

"esprima@npm:~4.0.0":
  version: 4.0.1
  resolution: "esprima@npm:4.0.1"
  bin:
    esparse: ./bin/esparse.js
    esvalidate: ./bin/esvalidate.js
  checksum: b45bc805a613dbea2835278c306b91aff6173c8d034223fa81498c77dcbce3b2931bf6006db816f62eacd9fd4ea975dfd85a5b7f3c6402cfd050d4ca3c13a628
  languageName: node
  linkType: hard

"etag@npm:^1.8.1":
  version: 1.8.1
  resolution: "etag@npm:1.8.1"
  checksum: 571aeb3dbe0f2bbd4e4fadbdb44f325fc75335cd5f6f6b6a091e6a06a9f25ed5392f0863c5442acb0646787446e816f13cbfc6edce5b07658541dff573cab1ff
  languageName: node
  linkType: hard

"express@npm:^5.1.0":
  version: 5.1.0
  resolution: "express@npm:5.1.0"
  dependencies:
    accepts: ^2.0.0
    body-parser: ^2.2.0
    content-disposition: ^1.0.0
    content-type: ^1.0.5
    cookie: ^0.7.1
    cookie-signature: ^1.2.1
    debug: ^4.4.0
    encodeurl: ^2.0.0
    escape-html: ^1.0.3
    etag: ^1.8.1
    finalhandler: ^2.1.0
    fresh: ^2.0.0
    http-errors: ^2.0.0
    merge-descriptors: ^2.0.0
    mime-types: ^3.0.0
    on-finished: ^2.4.1
    once: ^1.4.0
    parseurl: ^1.3.3
    proxy-addr: ^2.0.7
    qs: ^6.14.0
    range-parser: ^1.2.1
    router: ^2.2.0
    send: ^1.1.0
    serve-static: ^2.2.0
    statuses: ^2.0.1
    type-is: ^2.0.1
    vary: ^1.1.2
  checksum: 06e6141780c6c4780111f971ce062c83d4cf4862c40b43caf1d95afcbb58d7422c560503b8c9d04c7271511525d09cbdbe940bcaad63970fd4c1b9f6fd713bdb
  languageName: node
  linkType: hard

"finalhandler@npm:^2.1.0":
  version: 2.1.0
  resolution: "finalhandler@npm:2.1.0"
  dependencies:
    debug: ^4.4.0
    encodeurl: ^2.0.0
    escape-html: ^1.0.3
    on-finished: ^2.4.1
    parseurl: ^1.3.3
    statuses: ^2.0.1
  checksum: 27ca9cc83b1384ba37959eb95bc7e62bc0bf4d6f6af63f6d38821cf7499b113e34b23f96a2a031616817f73986f94deea67c2f558de9daf406790c181a2501df
  languageName: node
  linkType: hard

"follow-redirects@npm:^1.15.6":
  version: 1.15.9
  resolution: "follow-redirects@npm:1.15.9"
  peerDependenciesMeta:
    debug:
      optional: true
  checksum: 859e2bacc7a54506f2bf9aacb10d165df78c8c1b0ceb8023f966621b233717dab56e8d08baadc3ad3b9db58af290413d585c999694b7c146aaf2616340c3d2a6
  languageName: node
  linkType: hard

"form-data@npm:^4.0.0":
  version: 4.0.3
  resolution: "form-data@npm:4.0.3"
  dependencies:
    asynckit: ^0.4.0
    combined-stream: ^1.0.8
    es-set-tostringtag: ^2.1.0
    hasown: ^2.0.2
    mime-types: ^2.1.12
  checksum: b8e2568c0853ce167b2b9c9c4b81fe563f9ade647178baf6b6381cf8a11e3c01dd2b78a63ba367e6f5eab59afab8284a9438bb5ae768133f9d9fce6567fbc26a
  languageName: node
  linkType: hard

"forwarded@npm:0.2.0":
  version: 0.2.0
  resolution: "forwarded@npm:0.2.0"
  checksum: fd27e2394d8887ebd16a66ffc889dc983fbbd797d5d3f01087c020283c0f019a7d05ee85669383d8e0d216b116d720fc0cef2f6e9b7eb9f4c90c6e0bc7fd28e6
  languageName: node
  linkType: hard

"fresh@npm:^2.0.0":
  version: 2.0.0
  resolution: "fresh@npm:2.0.0"
  checksum: 38b9828352c6271e2a0dd8bdd985d0100dbbc4eb8b6a03286071dd6f7d96cfaacd06d7735701ad9a95870eb3f4555e67c08db1dcfe24c2e7bb87383c72fae1d2
  languageName: node
  linkType: hard

"fs-extra@npm:^10.0.0":
  version: 10.1.0
  resolution: "fs-extra@npm:10.1.0"
  dependencies:
    graceful-fs: ^4.2.0
    jsonfile: ^6.0.1
    universalify: ^2.0.0
  checksum: dc94ab37096f813cc3ca12f0f1b5ad6744dfed9ed21e953d72530d103cea193c2f81584a39e9dee1bea36de5ee66805678c0dddc048e8af1427ac19c00fffc50
  languageName: node
  linkType: hard

"function-bind@npm:^1.1.2":
  version: 1.1.2
  resolution: "function-bind@npm:1.1.2"
  checksum: 2b0ff4ce708d99715ad14a6d1f894e2a83242e4a52ccfcefaee5e40050562e5f6dafc1adbb4ce2d4ab47279a45dc736ab91ea5042d843c3c092820dfe032efb1
  languageName: node
  linkType: hard

"get-caller-file@npm:^2.0.5":
  version: 2.0.5
  resolution: "get-caller-file@npm:2.0.5"
  checksum: b9769a836d2a98c3ee734a88ba712e62703f1df31b94b784762c433c27a386dd6029ff55c2a920c392e33657d80191edbf18c61487e198844844516f843496b9
  languageName: node
  linkType: hard

"get-intrinsic@npm:^1.2.5, get-intrinsic@npm:^1.2.6, get-intrinsic@npm:^1.3.0":
  version: 1.3.0
  resolution: "get-intrinsic@npm:1.3.0"
  dependencies:
    call-bind-apply-helpers: ^1.0.2
    es-define-property: ^1.0.1
    es-errors: ^1.3.0
    es-object-atoms: ^1.1.1
    function-bind: ^1.1.2
    get-proto: ^1.0.1
    gopd: ^1.2.0
    has-symbols: ^1.1.0
    hasown: ^2.0.2
    math-intrinsics: ^1.1.0
  checksum: 301008e4482bb9a9cb49e132b88fee093bff373b4e6def8ba219b1e96b60158a6084f273ef5cafe832e42cd93462f4accb46a618d35fe59a2b507f2388c5b79d
  languageName: node
  linkType: hard

"get-proto@npm:^1.0.1":
  version: 1.0.1
  resolution: "get-proto@npm:1.0.1"
  dependencies:
    dunder-proto: ^1.0.1
    es-object-atoms: ^1.0.0
  checksum: 4fc96afdb58ced9a67558698b91433e6b037aaa6f1493af77498d7c85b141382cf223c0e5946f334fb328ee85dfe6edd06d218eaf09556f4bc4ec6005d7f5f7b
  languageName: node
  linkType: hard

"gopd@npm:^1.2.0":
  version: 1.2.0
  resolution: "gopd@npm:1.2.0"
  checksum: cc6d8e655e360955bdccaca51a12a474268f95bb793fc3e1f2bdadb075f28bfd1fd988dab872daf77a61d78cbaf13744bc8727a17cfb1d150d76047d805375f3
  languageName: node
  linkType: hard

"graceful-fs@npm:^4.1.6, graceful-fs@npm:^4.2.0":
  version: 4.2.11
  resolution: "graceful-fs@npm:4.2.11"
  checksum: ac85f94da92d8eb6b7f5a8b20ce65e43d66761c55ce85ac96df6865308390da45a8d3f0296dd3a663de65d30ba497bd46c696cc1e248c72b13d6d567138a4fc7
  languageName: node
  linkType: hard

"has-symbols@npm:^1.0.3, has-symbols@npm:^1.1.0":
  version: 1.1.0
  resolution: "has-symbols@npm:1.1.0"
  checksum: b2316c7302a0e8ba3aaba215f834e96c22c86f192e7310bdf689dd0e6999510c89b00fbc5742571507cebf25764d68c988b3a0da217369a73596191ac0ce694b
  languageName: node
  linkType: hard

"has-tostringtag@npm:^1.0.2":
  version: 1.0.2
  resolution: "has-tostringtag@npm:1.0.2"
  dependencies:
    has-symbols: ^1.0.3
  checksum: 999d60bb753ad714356b2c6c87b7fb74f32463b8426e159397da4bde5bca7e598ab1073f4d8d4deafac297f2eb311484cd177af242776bf05f0d11565680468d
  languageName: node
  linkType: hard

"hasown@npm:^2.0.2":
  version: 2.0.2
  resolution: "hasown@npm:2.0.2"
  dependencies:
    function-bind: ^1.1.2
  checksum: e8516f776a15149ca6c6ed2ae3110c417a00b62260e222590e54aa367cbcd6ed99122020b37b7fbdf05748df57b265e70095d7bf35a47660587619b15ffb93db
  languageName: node
  linkType: hard

"http-errors@npm:2.0.0, http-errors@npm:^2.0.0":
  version: 2.0.0
  resolution: "http-errors@npm:2.0.0"
  dependencies:
    depd: 2.0.0
    inherits: 2.0.4
    setprototypeof: 1.2.0
    statuses: 2.0.1
    toidentifier: 1.0.1
  checksum: 9b0a3782665c52ce9dc658a0d1560bcb0214ba5699e4ea15aefb2a496e2ca83db03ebc42e1cce4ac1f413e4e0d2d736a3fd755772c556a9a06853ba2a0b7d920
  languageName: node
  linkType: hard

"iconv-lite@npm:0.6.3, iconv-lite@npm:^0.6.3":
  version: 0.6.3
  resolution: "iconv-lite@npm:0.6.3"
  dependencies:
    safer-buffer: ">= 2.1.2 < 3.0.0"
  checksum: 3f60d47a5c8fc3313317edfd29a00a692cc87a19cac0159e2ce711d0ebc9019064108323b5e493625e25594f11c6236647d8e256fbe7a58f4a3b33b89e6d30bf
  languageName: node
  linkType: hard

"inherits@npm:2.0.4":
  version: 2.0.4
  resolution: "inherits@npm:2.0.4"
  checksum: 4a48a733847879d6cf6691860a6b1e3f0f4754176e4d71494c41f3475553768b10f84b5ce1d40fbd0e34e6bfbb864ee35858ad4dd2cf31e02fc4a154b724d7f1
  languageName: node
  linkType: hard

"ipaddr.js@npm:1.9.1":
  version: 1.9.1
  resolution: "ipaddr.js@npm:1.9.1"
  checksum: f88d3825981486f5a1942414c8d77dd6674dd71c065adcfa46f578d677edcb99fda25af42675cb59db492fdf427b34a5abfcde3982da11a8fd83a500b41cfe77
  languageName: node
  linkType: hard

"is-fullwidth-code-point@npm:^3.0.0":
  version: 3.0.0
  resolution: "is-fullwidth-code-point@npm:3.0.0"
  checksum: 44a30c29457c7fb8f00297bce733f0a64cd22eca270f83e58c105e0d015e45c019491a4ab2faef91ab51d4738c670daff901c799f6a700e27f7314029e99e348
  languageName: node
  linkType: hard

"is-promise@npm:^4.0.0":
  version: 4.0.0
  resolution: "is-promise@npm:4.0.0"
  checksum: 0b46517ad47b00b6358fd6553c83ec1f6ba9acd7ffb3d30a0bf519c5c69e7147c132430452351b8a9fc198f8dd6c4f76f8e6f5a7f100f8c77d57d9e0f4261a8a
  languageName: node
  linkType: hard

"jsonfile@npm:^6.0.1":
  version: 6.1.0
  resolution: "jsonfile@npm:6.1.0"
  dependencies:
    graceful-fs: ^4.1.6
    universalify: ^2.0.0
  dependenciesMeta:
    graceful-fs:
      optional: true
  checksum: 7af3b8e1ac8fe7f1eccc6263c6ca14e1966fcbc74b618d3c78a0a2075579487547b94f72b7a1114e844a1e15bb00d440e5d1720bfc4612d790a6f285d5ea8354
  languageName: node
  linkType: hard

"kareem@npm:2.6.3":
  version: 2.6.3
  resolution: "kareem@npm:2.6.3"
  checksum: 4e3a4dc01747de19b345bdbb4a976a30ebeb9f8c2623ccb5bb509cbeebc28de09664355aa43e2ff641d8588c9155b7c2f177f389feb76f1b47224ff94c0fe63b
  languageName: node
  linkType: hard

"lossless-json@npm:^4.0.1":
  version: 4.1.1
  resolution: "lossless-json@npm:4.1.1"
  checksum: 06c2b11bf6a5f64fde2dca706ad6ff801a84efca629644b800a831bc02b62abb1d6587b8275ea023ec7fbeff1946a5b00857ced0cbb327d20eceff65e93c519d
  languageName: node
  linkType: hard

"math-intrinsics@npm:^1.1.0":
  version: 1.1.0
  resolution: "math-intrinsics@npm:1.1.0"
  checksum: 0e513b29d120f478c85a70f49da0b8b19bc638975eca466f2eeae0071f3ad00454c621bf66e16dd435896c208e719fc91ad79bbfba4e400fe0b372e7c1c9c9a2
  languageName: node
  linkType: hard

"media-typer@npm:^1.1.0":
  version: 1.1.0
  resolution: "media-typer@npm:1.1.0"
  checksum: a58dd60804df73c672942a7253ccc06815612326dc1c0827984b1a21704466d7cde351394f47649e56cf7415e6ee2e26e000e81b51b3eebb5a93540e8bf93cbd
  languageName: node
  linkType: hard

"memory-pager@npm:^1.0.2":
  version: 1.5.0
  resolution: "memory-pager@npm:1.5.0"
  checksum: d1a2e684583ef55c61cd3a49101da645b11ad57014dfc565e0b43baa9004b743f7e4ab81493d8fff2ab24e9950987cc3209c94bcc4fc8d7e30a475489a1f15e9
  languageName: node
  linkType: hard

"merge-descriptors@npm:^2.0.0":
  version: 2.0.0
  resolution: "merge-descriptors@npm:2.0.0"
  checksum: e383332e700a94682d0125a36c8be761142a1320fc9feeb18e6e36647c9edf064271645f5669b2c21cf352116e561914fd8aa831b651f34db15ef4038c86696a
  languageName: node
  linkType: hard

"mime-db@npm:1.52.0":
  version: 1.52.0
  resolution: "mime-db@npm:1.52.0"
  checksum: 0d99a03585f8b39d68182803b12ac601d9c01abfa28ec56204fa330bc9f3d1c5e14beb049bafadb3dbdf646dfb94b87e24d4ec7b31b7279ef906a8ea9b6a513f
  languageName: node
  linkType: hard

"mime-db@npm:^1.54.0":
  version: 1.54.0
  resolution: "mime-db@npm:1.54.0"
  checksum: e99aaf2f23f5bd607deb08c83faba5dd25cf2fec90a7cc5b92d8260867ee08dab65312e1a589e60093dc7796d41e5fae013268418482f1db4c7d52d0a0960ac9
  languageName: node
  linkType: hard

"mime-types@npm:^2.1.12":
  version: 2.1.35
  resolution: "mime-types@npm:2.1.35"
  dependencies:
    mime-db: 1.52.0
  checksum: 89a5b7f1def9f3af5dad6496c5ed50191ae4331cc5389d7c521c8ad28d5fdad2d06fd81baf38fed813dc4e46bb55c8145bb0ff406330818c9cf712fb2e9b3836
  languageName: node
  linkType: hard

"mime-types@npm:^3.0.0, mime-types@npm:^3.0.1":
  version: 3.0.1
  resolution: "mime-types@npm:3.0.1"
  dependencies:
    mime-db: ^1.54.0
  checksum: 8d497ad5cb2dd1210ac7d049b5de94af0b24b45a314961e145b44389344604d54752f03bc00bf880c0da60a214be6fb6d423d318104f02c28d95dd8ebeea4fb4
  languageName: node
  linkType: hard

"mongodb-connection-string-url@npm:^3.0.0":
  version: 3.0.2
  resolution: "mongodb-connection-string-url@npm:3.0.2"
  dependencies:
    "@types/whatwg-url": ^11.0.2
    whatwg-url: ^14.1.0 || ^13.0.0
  checksum: 382319aa41d381ff4be9370024e3cf765ded14aa581bca7c7a171fcaae618b8d92912329b6b13898334c3b6f3cab12ae8785defad2745ca20226ceeb253ef1ae
  languageName: node
  linkType: hard

"mongodb@npm:~6.17.0":
  version: 6.17.0
  resolution: "mongodb@npm:6.17.0"
  dependencies:
    "@mongodb-js/saslprep": ^1.1.9
    bson: ^6.10.4
    mongodb-connection-string-url: ^3.0.0
  peerDependencies:
    "@aws-sdk/credential-providers": ^3.188.0
    "@mongodb-js/zstd": ^1.1.0 || ^2.0.0
    gcp-metadata: ^5.2.0
    kerberos: ^2.0.1
    mongodb-client-encryption: ">=6.0.0 <7"
    snappy: ^7.2.2
    socks: ^2.7.1
  peerDependenciesMeta:
    "@aws-sdk/credential-providers":
      optional: true
    "@mongodb-js/zstd":
      optional: true
    gcp-metadata:
      optional: true
    kerberos:
      optional: true
    mongodb-client-encryption:
      optional: true
    snappy:
      optional: true
    socks:
      optional: true
  checksum: bae38d4758e6681b07d35849de18ec8a063d5306fb3dd7d76214b1945440a33a729a1497f4b4da5b0c4f35e0a31c2e6dda632ea9d437e385315d011f93598213
  languageName: node
  linkType: hard

"mongoose@npm:^8.16.1":
  version: 8.16.1
  resolution: "mongoose@npm:8.16.1"
  dependencies:
    bson: ^6.10.4
    kareem: 2.6.3
    mongodb: ~6.17.0
    mpath: 0.9.0
    mquery: 5.0.0
    ms: 2.1.3
    sift: 17.1.3
  checksum: 841766a8add76cd158729c89ce124757627f73d41693f42909b5723e352103211aa8f24d7e81f89d95e27c8ded1b5c1e40492cc05ca3ba8978975847364aa17c
  languageName: node
  linkType: hard

"mpath@npm:0.9.0":
  version: 0.9.0
  resolution: "mpath@npm:0.9.0"
  checksum: 1052f1f926db04502440f76164ae16ed53aa41f3ce34e7e64e3ed451b7d91ede295c3b600801c5f9eb862f03d9d59b7aa5aaf690c341fc521bef025d0f5cd773
  languageName: node
  linkType: hard

"mquery@npm:5.0.0":
  version: 5.0.0
  resolution: "mquery@npm:5.0.0"
  dependencies:
    debug: 4.x
  checksum: 0617ead71e40e3c38ab74a1e46214d578d654bf7916abd8b3fb2ceb433bb6287adfa0960f041f16e2ac41c5ed5d7ce2268582f0a0075fff2561bcd5a3f40b417
  languageName: node
  linkType: hard

"ms@npm:2.1.3, ms@npm:^2.1.3":
  version: 2.1.3
  resolution: "ms@npm:2.1.3"
  checksum: aa92de608021b242401676e35cfa5aa42dd70cbdc082b916da7fb925c542173e36bce97ea3e804923fe92c0ad991434e4a38327e15a1b5b5f945d66df615ae6d
  languageName: node
  linkType: hard

"negotiator@npm:^1.0.0":
  version: 1.0.0
  resolution: "negotiator@npm:1.0.0"
  checksum: 20ebfe79b2d2e7cf9cbc8239a72662b584f71164096e6e8896c8325055497c96f6b80cd22c258e8a2f2aa382a787795ec3ee8b37b422a302c7d4381b0d5ecfbb
  languageName: node
  linkType: hard

"object-assign@npm:^4":
  version: 4.1.1
  resolution: "object-assign@npm:4.1.1"
  checksum: fcc6e4ea8c7fe48abfbb552578b1c53e0d194086e2e6bbbf59e0a536381a292f39943c6e9628af05b5528aa5e3318bb30d6b2e53cadaf5b8fe9e12c4b69af23f
  languageName: node
  linkType: hard

"object-inspect@npm:^1.13.3":
  version: 1.13.4
  resolution: "object-inspect@npm:1.13.4"
  checksum: 582810c6a8d2ef988ea0a39e69e115a138dad8f42dd445383b394877e5816eb4268489f316a6f74ee9c4e0a984b3eab1028e3e79d62b1ed67c726661d55c7a8b
  languageName: node
  linkType: hard

"obscura-server@workspace:.":
  version: 0.0.0-use.local
  resolution: "obscura-server@workspace:."
  dependencies:
    "@avnu/gasless-sdk": ^0.1.8
    axios: ^1.10.0
    body-parser: ^2.2.0
    cors: ^2.8.5
    dotenv: ^17.0.1
    express: ^5.1.0
    mongoose: ^8.16.1
    starknet: ^7.6.2
  languageName: unknown
  linkType: soft

"on-finished@npm:^2.4.1":
  version: 2.4.1
  resolution: "on-finished@npm:2.4.1"
  dependencies:
    ee-first: 1.1.1
  checksum: d20929a25e7f0bb62f937a425b5edeb4e4cde0540d77ba146ec9357f00b0d497cdb3b9b05b9c8e46222407d1548d08166bff69cc56dfa55ba0e4469228920ff0
  languageName: node
  linkType: hard

"once@npm:^1.4.0":
  version: 1.4.0
  resolution: "once@npm:1.4.0"
  dependencies:
    wrappy: 1
  checksum: cd0a88501333edd640d95f0d2700fbde6bff20b3d4d9bdc521bdd31af0656b5706570d6c6afe532045a20bb8dc0849f8332d6f2a416e0ba6d3d3b98806c7db68
  languageName: node
  linkType: hard

"pako@npm:^2.0.4":
  version: 2.1.0
  resolution: "pako@npm:2.1.0"
  checksum: 71666548644c9a4d056bcaba849ca6fd7242c6cf1af0646d3346f3079a1c7f4a66ffec6f7369ee0dc88f61926c10d6ab05da3e1fca44b83551839e89edd75a3e
  languageName: node
  linkType: hard

"parseurl@npm:^1.3.3":
  version: 1.3.3
  resolution: "parseurl@npm:1.3.3"
  checksum: 407cee8e0a3a4c5cd472559bca8b6a45b82c124e9a4703302326e9ab60fc1081442ada4e02628efef1eb16197ddc7f8822f5a91fd7d7c86b51f530aedb17dfa2
  languageName: node
  linkType: hard

"path-to-regexp@npm:^8.0.0":
  version: 8.2.0
  resolution: "path-to-regexp@npm:8.2.0"
  checksum: 56e13e45962e776e9e7cd72e87a441cfe41f33fd539d097237ceb16adc922281136ca12f5a742962e33d8dda9569f630ba594de56d8b7b6e49adf31803c5e771
  languageName: node
  linkType: hard

"proxy-addr@npm:^2.0.7":
  version: 2.0.7
  resolution: "proxy-addr@npm:2.0.7"
  dependencies:
    forwarded: 0.2.0
    ipaddr.js: 1.9.1
  checksum: 29c6990ce9364648255454842f06f8c46fcd124d3e6d7c5066df44662de63cdc0bad032e9bf5a3d653ff72141cc7b6019873d685708ac8210c30458ad99f2b74
  languageName: node
  linkType: hard

"proxy-from-env@npm:^1.1.0":
  version: 1.1.0
  resolution: "proxy-from-env@npm:1.1.0"
  checksum: ed7fcc2ba0a33404958e34d95d18638249a68c430e30fcb6c478497d72739ba64ce9810a24f53a7d921d0c065e5b78e3822759800698167256b04659366ca4d4
  languageName: node
  linkType: hard

"punycode@npm:^2.3.1":
  version: 2.3.1
  resolution: "punycode@npm:2.3.1"
  checksum: bb0a0ceedca4c3c57a9b981b90601579058903c62be23c5e8e843d2c2d4148a3ecf029d5133486fb0e1822b098ba8bba09e89d6b21742d02fa26bda6441a6fb2
  languageName: node
  linkType: hard

"qs@npm:^6.14.0":
  version: 6.14.0
  resolution: "qs@npm:6.14.0"
  dependencies:
    side-channel: ^1.1.0
  checksum: 189b52ad4e9a0da1a16aff4c58b2a554a8dad9bd7e287c7da7446059b49ca2e33a49e570480e8be406b87fccebf134f51c373cbce36c8c83859efa0c9b71d635
  languageName: node
  linkType: hard

"range-parser@npm:^1.2.1":
  version: 1.2.1
  resolution: "range-parser@npm:1.2.1"
  checksum: 0a268d4fea508661cf5743dfe3d5f47ce214fd6b7dec1de0da4d669dd4ef3d2144468ebe4179049eff253d9d27e719c88dae55be64f954e80135a0cada804ec9
  languageName: node
  linkType: hard

"raw-body@npm:^3.0.0":
  version: 3.0.0
  resolution: "raw-body@npm:3.0.0"
  dependencies:
    bytes: 3.1.2
    http-errors: 2.0.0
    iconv-lite: 0.6.3
    unpipe: 1.0.0
  checksum: 25b7cf7964183db322e819050d758a5abd0f22c51e9f37884ea44a9ed6855a1fb61f8caa8ec5b61d07e69f54db43dbbc08ad98ef84556696d6aa806be247af0e
  languageName: node
  linkType: hard

"redeyed@npm:~2.1.0":
  version: 2.1.1
  resolution: "redeyed@npm:2.1.1"
  dependencies:
    esprima: ~4.0.0
  checksum: 39a1426e377727cfb47a0e24e95c1cf78d969fbc388dc1e0fa1e2ef8a8756450cefb8b0c2598f63b85f1a331986fca7604c0db798427a5775a1dbdb9c1291979
  languageName: node
  linkType: hard

"require-directory@npm:^2.1.1":
  version: 2.1.1
  resolution: "require-directory@npm:2.1.1"
  checksum: fb47e70bf0001fdeabdc0429d431863e9475e7e43ea5f94ad86503d918423c1543361cc5166d713eaa7029dd7a3d34775af04764bebff99ef413111a5af18c80
  languageName: node
  linkType: hard

"router@npm:^2.2.0":
  version: 2.2.0
  resolution: "router@npm:2.2.0"
  dependencies:
    debug: ^4.4.0
    depd: ^2.0.0
    is-promise: ^4.0.0
    parseurl: ^1.3.3
    path-to-regexp: ^8.0.0
  checksum: 4c3bec8011ed10bb07d1ee860bc715f245fff0fdff991d8319741d2932d89c3fe0a56766b4fa78e95444bc323fd2538e09c8e43bfbd442c2a7fab67456df7fa5
  languageName: node
  linkType: hard

"safe-buffer@npm:5.2.1":
  version: 5.2.1
  resolution: "safe-buffer@npm:5.2.1"
  checksum: b99c4b41fdd67a6aaf280fcd05e9ffb0813654894223afb78a31f14a19ad220bba8aba1cb14eddce1fcfb037155fe6de4e861784eb434f7d11ed58d1e70dd491
  languageName: node
  linkType: hard

"safer-buffer@npm:>= 2.1.2 < 3.0.0":
  version: 2.1.2
  resolution: "safer-buffer@npm:2.1.2"
  checksum: cab8f25ae6f1434abee8d80023d7e72b598cf1327164ddab31003c51215526801e40b66c5e65d658a0af1e9d6478cadcb4c745f4bd6751f97d8644786c0978b0
  languageName: node
  linkType: hard

"send@npm:^1.1.0, send@npm:^1.2.0":
  version: 1.2.0
  resolution: "send@npm:1.2.0"
  dependencies:
    debug: ^4.3.5
    encodeurl: ^2.0.0
    escape-html: ^1.0.3
    etag: ^1.8.1
    fresh: ^2.0.0
    http-errors: ^2.0.0
    mime-types: ^3.0.1
    ms: ^2.1.3
    on-finished: ^2.4.1
    range-parser: ^1.2.1
    statuses: ^2.0.1
  checksum: 7557ee6c1c257a1c53b402b4fba8ed88c95800b08abe085fc79e0824869274f213491be2efb2df3de228c70e4d40ce2019e5f77b58c42adb97149135420c3f34
  languageName: node
  linkType: hard

"serve-static@npm:^2.2.0":
  version: 2.2.0
  resolution: "serve-static@npm:2.2.0"
  dependencies:
    encodeurl: ^2.0.0
    escape-html: ^1.0.3
    parseurl: ^1.3.3
    send: ^1.2.0
  checksum: 74f39e88f0444aa6732aae3b9597739c47552adecdc83fa32aa42555e76f1daad480d791af73894655c27a2d378275a461e691cead33fb35d8b976f1e2d24665
  languageName: node
  linkType: hard

"setprototypeof@npm:1.2.0":
  version: 1.2.0
  resolution: "setprototypeof@npm:1.2.0"
  checksum: be18cbbf70e7d8097c97f713a2e76edf84e87299b40d085c6bf8b65314e994cc15e2e317727342fa6996e38e1f52c59720b53fe621e2eb593a6847bf0356db89
  languageName: node
  linkType: hard

"side-channel-list@npm:^1.0.0":
  version: 1.0.0
  resolution: "side-channel-list@npm:1.0.0"
  dependencies:
    es-errors: ^1.3.0
    object-inspect: ^1.13.3
  checksum: 603b928997abd21c5a5f02ae6b9cc36b72e3176ad6827fab0417ead74580cc4fb4d5c7d0a8a2ff4ead34d0f9e35701ed7a41853dac8a6d1a664fcce1a044f86f
  languageName: node
  linkType: hard

"side-channel-map@npm:^1.0.1":
  version: 1.0.1
  resolution: "side-channel-map@npm:1.0.1"
  dependencies:
    call-bound: ^1.0.2
    es-errors: ^1.3.0
    get-intrinsic: ^1.2.5
    object-inspect: ^1.13.3
  checksum: 42501371cdf71f4ccbbc9c9e2eb00aaaab80a4c1c429d5e8da713fd4d39ef3b8d4a4b37ed4f275798a65260a551a7131fd87fe67e922dba4ac18586d6aab8b06
  languageName: node
  linkType: hard

"side-channel-weakmap@npm:^1.0.2":
  version: 1.0.2
  resolution: "side-channel-weakmap@npm:1.0.2"
  dependencies:
    call-bound: ^1.0.2
    es-errors: ^1.3.0
    get-intrinsic: ^1.2.5
    object-inspect: ^1.13.3
    side-channel-map: ^1.0.1
  checksum: a815c89bc78c5723c714ea1a77c938377ea710af20d4fb886d362b0d1f8ac73a17816a5f6640f354017d7e292a43da9c5e876c22145bac00b76cfb3468001736
  languageName: node
  linkType: hard

"side-channel@npm:^1.1.0":
  version: 1.1.0
  resolution: "side-channel@npm:1.1.0"
  dependencies:
    es-errors: ^1.3.0
    object-inspect: ^1.13.3
    side-channel-list: ^1.0.0
    side-channel-map: ^1.0.1
    side-channel-weakmap: ^1.0.2
  checksum: bf73d6d6682034603eb8e99c63b50155017ed78a522d27c2acec0388a792c3ede3238b878b953a08157093b85d05797217d270b7666ba1f111345fbe933380ff
  languageName: node
  linkType: hard

"sift@npm:17.1.3":
  version: 17.1.3
  resolution: "sift@npm:17.1.3"
  checksum: 56d09c72720cd75f757dad31fc13cc84461c06c0416d23c1dc05e64276676fa1fecaddb055f0d2aa714d36a93c2acaad8cb2f2ef6d06d8c8bb1af84657de2046
  languageName: node
  linkType: hard

"sparse-bitfield@npm:^3.0.3":
  version: 3.0.3
  resolution: "sparse-bitfield@npm:3.0.3"
  dependencies:
    memory-pager: ^1.0.2
  checksum: 174da88dbbcc783d5dbd26921931cc83830280b8055fb05333786ebe6fc015b9601b24972b3d55920dd2d9f5fb120576fbfa2469b08e5222c9cadf3f05210aab
  languageName: node
  linkType: hard

"starknet@npm:^7.6.2":
  version: 7.6.2
  resolution: "starknet@npm:7.6.2"
  dependencies:
    "@noble/curves": 1.7.0
    "@noble/hashes": 1.6.0
    "@scure/base": 1.2.1
    "@scure/starknet": 1.1.0
    "@starknet-io/starknet-types-07": "npm:@starknet-io/types-js@~0.7.10"
    "@starknet-io/starknet-types-08": "npm:@starknet-io/types-js@~0.8.4"
    abi-wan-kanabi: 2.2.4
    lossless-json: ^4.0.1
    pako: ^2.0.4
    ts-mixer: ^6.0.3
  checksum: f2d194dc0c68976df3efa1155dc60b3aabbc6bae4af5d7cbd215cf285315b2e1eab698a90249fa978619071dab11f58074dfd5ae1aaa49dbee94e4c7971f9a5e
  languageName: node
  linkType: hard

"statuses@npm:2.0.1":
  version: 2.0.1
  resolution: "statuses@npm:2.0.1"
  checksum: 18c7623fdb8f646fb213ca4051be4df7efb3484d4ab662937ca6fbef7ced9b9e12842709872eb3020cc3504b93bde88935c9f6417489627a7786f24f8031cbcb
  languageName: node
  linkType: hard

"statuses@npm:^2.0.1":
  version: 2.0.2
  resolution: "statuses@npm:2.0.2"
  checksum: 6927feb50c2a75b2a4caab2c565491f7a93ad3d8dbad7b1398d52359e9243a20e2ebe35e33726dee945125ef7a515e9097d8a1b910ba2bbd818265a2f6c39879
  languageName: node
  linkType: hard

"string-width@npm:^4.1.0, string-width@npm:^4.2.0, string-width@npm:^4.2.3":
  version: 4.2.3
  resolution: "string-width@npm:4.2.3"
  dependencies:
    emoji-regex: ^8.0.0
    is-fullwidth-code-point: ^3.0.0
    strip-ansi: ^6.0.1
  checksum: e52c10dc3fbfcd6c3a15f159f54a90024241d0f149cf8aed2982a2d801d2e64df0bf1dc351cf8e95c3319323f9f220c16e740b06faecd53e2462df1d2b5443fb
  languageName: node
  linkType: hard

"strip-ansi@npm:^6.0.0, strip-ansi@npm:^6.0.1":
  version: 6.0.1
  resolution: "strip-ansi@npm:6.0.1"
  dependencies:
    ansi-regex: ^5.0.1
  checksum: f3cd25890aef3ba6e1a74e20896c21a46f482e93df4a06567cebf2b57edabb15133f1f94e57434e0a958d61186087b1008e89c94875d019910a213181a14fc8c
  languageName: node
  linkType: hard

"toidentifier@npm:1.0.1":
  version: 1.0.1
  resolution: "toidentifier@npm:1.0.1"
  checksum: 952c29e2a85d7123239b5cfdd889a0dde47ab0497f0913d70588f19c53f7e0b5327c95f4651e413c74b785147f9637b17410ac8c846d5d4a20a5a33eb6dc3a45
  languageName: node
  linkType: hard

"tr46@npm:^5.1.0":
  version: 5.1.1
  resolution: "tr46@npm:5.1.1"
  dependencies:
    punycode: ^2.3.1
  checksum: da7a04bd3f77e641abdabe948bb84f24e6ee73e81c8c96c36fe79796c889ba97daf3dbacae778f8581ff60307a4136ee14c9540a5f85ebe44f99c6cc39a97690
  languageName: node
  linkType: hard

"ts-mixer@npm:^6.0.3":
  version: 6.0.4
  resolution: "ts-mixer@npm:6.0.4"
  checksum: 36b1af526befd74345e736e9aa16f5c28876ebcea07784da14d929149fd7e6028cfd2fe9304c8efe8cb91b588443a9cc9e991df58e4c6e602326edbaae2af3ab
  languageName: node
  linkType: hard

"type-is@npm:^2.0.0, type-is@npm:^2.0.1":
  version: 2.0.1
  resolution: "type-is@npm:2.0.1"
  dependencies:
    content-type: ^1.0.5
    media-typer: ^1.1.0
    mime-types: ^3.0.0
  checksum: 0266e7c782238128292e8c45e60037174d48c6366bb2d45e6bd6422b611c193f83409a8341518b6b5f33f8e4d5a959f38658cacfea77f0a3505b9f7ac1ddec8f
  languageName: node
  linkType: hard

"universalify@npm:^2.0.0":
  version: 2.0.1
  resolution: "universalify@npm:2.0.1"
  checksum: ecd8469fe0db28e7de9e5289d32bd1b6ba8f7183db34f3bfc4ca53c49891c2d6aa05f3fb3936a81285a905cc509fb641a0c3fc131ec786167eff41236ae32e60
  languageName: node
  linkType: hard

"unpipe@npm:1.0.0":
  version: 1.0.0
  resolution: "unpipe@npm:1.0.0"
  checksum: 4fa18d8d8d977c55cb09715385c203197105e10a6d220087ec819f50cb68870f02942244f1017565484237f1f8c5d3cd413631b1ae104d3096f24fdfde1b4aa2
  languageName: node
  linkType: hard

"vary@npm:^1, vary@npm:^1.1.2":
  version: 1.1.2
  resolution: "vary@npm:1.1.2"
  checksum: ae0123222c6df65b437669d63dfa8c36cee20a504101b2fcd97b8bf76f91259c17f9f2b4d70a1e3c6bbcee7f51b28392833adb6b2770b23b01abec84e369660b
  languageName: node
  linkType: hard

"webidl-conversions@npm:^7.0.0":
  version: 7.0.0
  resolution: "webidl-conversions@npm:7.0.0"
  checksum: f05588567a2a76428515333eff87200fae6c83c3948a7482ebb109562971e77ef6dc49749afa58abb993391227c5697b3ecca52018793e0cb4620a48f10bd21b
  languageName: node
  linkType: hard

"whatwg-url@npm:^14.1.0 || ^13.0.0":
  version: 14.2.0
  resolution: "whatwg-url@npm:14.2.0"
  dependencies:
    tr46: ^5.1.0
    webidl-conversions: ^7.0.0
  checksum: c4f1ae1d353b9e56ab3c154cd73bf2b621cea1a2499fd2a9b2a17d448c2ed5e73a8922a0f395939de565fc3661461140111ae2aea26d4006a1ad0cfbf021c034
  languageName: node
  linkType: hard

"wrap-ansi@npm:^7.0.0":
  version: 7.0.0
  resolution: "wrap-ansi@npm:7.0.0"
  dependencies:
    ansi-styles: ^4.0.0
    string-width: ^4.1.0
    strip-ansi: ^6.0.0
  checksum: a790b846fd4505de962ba728a21aaeda189b8ee1c7568ca5e817d85930e06ef8d1689d49dbf0e881e8ef84436af3a88bc49115c2e2788d841ff1b8b5b51a608b
  languageName: node
  linkType: hard

"wrappy@npm:1":
  version: 1.0.2
  resolution: "wrappy@npm:1.0.2"
  checksum: 159da4805f7e84a3d003d8841557196034155008f817172d4e986bd591f74aa82aa7db55929a54222309e01079a65a92a9e6414da5a6aa4b01ee44a511ac3ee5
  languageName: node
  linkType: hard

"y18n@npm:^5.0.5":
  version: 5.0.8
  resolution: "y18n@npm:5.0.8"
  checksum: 54f0fb95621ee60898a38c572c515659e51cc9d9f787fb109cef6fde4befbe1c4602dc999d30110feee37456ad0f1660fa2edcfde6a9a740f86a290999550d30
  languageName: node
  linkType: hard

"yargs-parser@npm:^21.1.1":
  version: 21.1.1
  resolution: "yargs-parser@npm:21.1.1"
  checksum: ed2d96a616a9e3e1cc7d204c62ecc61f7aaab633dcbfab2c6df50f7f87b393993fe6640d017759fe112d0cb1e0119f2b4150a87305cc873fd90831c6a58ccf1c
  languageName: node
  linkType: hard

"yargs@npm:^17.7.2":
  version: 17.7.2
  resolution: "yargs@npm:17.7.2"
  dependencies:
    cliui: ^8.0.1
    escalade: ^3.1.1
    get-caller-file: ^2.0.5
    require-directory: ^2.1.1
    string-width: ^4.2.3
    y18n: ^5.0.5
    yargs-parser: ^21.1.1
  checksum: 73b572e863aa4a8cbef323dd911d79d193b772defd5a51aab0aca2d446655216f5002c42c5306033968193bdbf892a7a4c110b0d77954a7fdf563e653967b56a
  languageName: node
  linkType: hard
